// !$*UTF8*$!
{
	archiveVersion = 1;
	classes = {
	};
	objectVersion = 55;
	objects = {

/* Begin PBXBuildFile section */
		8E88722E28996BD700C5C60F /* AppDelegate.swift in Sources */ = {isa = PBXBuildFile; fileRef = 8E88722D28996BD700C5C60F /* AppDelegate.swift */; };
		8E88723028996BD700C5C60F /* SceneDelegate.swift in Sources */ = {isa = PBXBuildFile; fileRef = 8E88722F28996BD700C5C60F /* SceneDelegate.swift */; };
		8E88723528996BD700C5C60F /* Main.storyboard in Resources */ = {isa = PBXBuildFile; fileRef = 8E88723328996BD700C5C60F /* Main.storyboard */; };
		8E88723828996BD700C5C60F /* toDoList.xcdatamodeld in Sources */ = {isa = PBXBuildFile; fileRef = 8E88723628996BD700C5C60F /* toDoList.xcdatamodeld */; };
		8E88723A28996BDA00C5C60F /* Assets.xcassets in Resources */ = {isa = PBXBuildFile; fileRef = 8E88723928996BDA00C5C60F /* Assets.xcassets */; };
		8E88723D28996BDA00C5C60F /* LaunchScreen.storyboard in Resources */ = {isa = PBXBuildFile; fileRef = 8E88723B28996BDA00C5C60F /* LaunchScreen.storyboard */; };
		8E88724828996BDA00C5C60F /* toDoListTests.swift in Sources */ = {isa = PBXBuildFile; fileRef = 8E88724728996BDA00C5C60F /* toDoListTests.swift */; };
		8E88725228996BDA00C5C60F /* toDoListUITests.swift in Sources */ = {isa = PBXBuildFile; fileRef = 8E88725128996BDA00C5C60F /* toDoListUITests.swift */; };
		8E88725428996BDA00C5C60F /* toDoListUITestsLaunchTests.swift in Sources */ = {isa = PBXBuildFile; fileRef = 8E88725328996BDA00C5C60F /* toDoListUITestsLaunchTests.swift */; };
		8E88726128996F3800C5C60F /* ToDoTableViewController.swift in Sources */ = {isa = PBXBuildFile; fileRef = 8E88726028996F3800C5C60F /* ToDoTableViewController.swift */; };
		8E887263289970E000C5C60F /* ToDo.swift in Sources */ = {isa = PBXBuildFile; fileRef = 8E887262289970E000C5C60F /* ToDo.swift */; };
		8E8872652899799300C5C60F /* AddToDoViewController.swift in Sources */ = {isa = PBXBuildFile; fileRef = 8E8872642899799300C5C60F /* AddToDoViewController.swift */; };
/* End PBXBuildFile section */

/* Begin PBXContainerItemProxy section */
		8E88724428996BDA00C5C60F /* PBXContainerItemProxy */ = {
			isa = PBXContainerItemProxy;
			containerPortal = 8E88722228996BD700C5C60F /* Project object */;
			proxyType = 1;
			remoteGlobalIDString = 8E88722928996BD700C5C60F;
			remoteInfo = toDoList;
		};
		8E88724E28996BDA00C5C60F /* PBXContainerItemProxy */ = {
			isa = PBXContainerItemProxy;
			containerPortal = 8E88722228996BD700C5C60F /* Project object */;
			proxyType = 1;
			remoteGlobalIDString = 8E88722928996BD700C5C60F;
			remoteInfo = toDoList;
		};
/* End PBXContainerItemProxy section */

/* Begin PBXFileReference section */
		8E88722A28996BD700C5C60F /* toDoList.app */ = {isa = PBXFileReference; explicitFileType = wrapper.application; includeInIndex = 0; path = toDoList.app; sourceTree = BUILT_PRODUCTS_DIR; };
		8E88722D28996BD700C5C60F /* AppDelegate.swift */ = {isa = PBXFileReference; lastKnownFileType = sourcecode.swift; path = AppDelegate.swift; sourceTree = "<group>"; };
		8E88722F28996BD700C5C60F /* SceneDelegate.swift */ = {isa = PBXFileReference; lastKnownFileType = sourcecode.swift; path = SceneDelegate.swift; sourceTree = "<group>"; };
		8E88723428996BD700C5C60F /* Base */ = {isa = PBXFileReference; lastKnownFileType = file.storyboard; name = Base; path = Base.lproj/Main.storyboard; sourceTree = "<group>"; };
		8E88723728996BD700C5C60F /* toDoList.xcdatamodel */ = {isa = PBXFileReference; lastKnownFileType = wrapper.xcdatamodel; path = toDoList.xcdatamodel; sourceTree = "<group>"; };
		8E88723928996BDA00C5C60F /* Assets.xcassets */ = {isa = PBXFileReference; lastKnownFileType = folder.assetcatalog; path = Assets.xcassets; sourceTree = "<group>"; };
		8E88723C28996BDA00C5C60F /* Base */ = {isa = PBXFileReference; lastKnownFileType = file.storyboard; name = Base; path = Base.lproj/LaunchScreen.storyboard; sourceTree = "<group>"; };
		8E88723E28996BDA00C5C60F /* Info.plist */ = {isa = PBXFileReference; lastKnownFileType = text.plist.xml; path = Info.plist; sourceTree = "<group>"; };
		8E88724328996BDA00C5C60F /* toDoListTests.xctest */ = {isa = PBXFileReference; explicitFileType = wrapper.cfbundle; includeInIndex = 0; path = toDoListTests.xctest; sourceTree = BUILT_PRODUCTS_DIR; };
		8E88724728996BDA00C5C60F /* toDoListTests.swift */ = {isa = PBXFileReference; lastKnownFileType = sourcecode.swift; path = toDoListTests.swift; sourceTree = "<group>"; };
		8E88724D28996BDA00C5C60F /* toDoListUITests.xctest */ = {isa = PBXFileReference; explicitFileType = wrapper.cfbundle; includeInIndex = 0; path = toDoListUITests.xctest; sourceTree = BUILT_PRODUCTS_DIR; };
		8E88725128996BDA00C5C60F /* toDoListUITests.swift */ = {isa = PBXFileReference; lastKnownFileType = sourcecode.swift; path = toDoListUITests.swift; sourceTree = "<group>"; };
		8E88725328996BDA00C5C60F /* toDoListUITestsLaunchTests.swift */ = {isa = PBXFileReference; lastKnownFileType = sourcecode.swift; path = toDoListUITestsLaunchTests.swift; sourceTree = "<group>"; };
		8E88726028996F3800C5C60F /* ToDoTableViewController.swift */ = {isa = PBXFileReference; lastKnownFileType = sourcecode.swift; path = ToDoTableViewController.swift; sourceTree = "<group>"; };
		8E887262289970E000C5C60F /* ToDo.swift */ = {isa = PBXFileReference; lastKnownFileType = sourcecode.swift; path = ToDo.swift; sourceTree = "<group>"; };
		8E8872642899799300C5C60F /* AddToDoViewController.swift */ = {isa = PBXFileReference; lastKnownFileType = sourcecode.swift; path = AddToDoViewController.swift; sourceTree = "<group>"; };
/* End PBXFileReference section */

/* Begin PBXFrameworksBuildPhase section */
		8E88722728996BD700C5C60F /* Frameworks */ = {
			isa = PBXFrameworksBuildPhase;
			buildActionMask = 2147483647;
			files = (
			);
			runOnlyForDeploymentPostprocessing = 0;
		};
		8E88724028996BDA00C5C60F /* Frameworks */ = {
			isa = PBXFrameworksBuildPhase;
			buildActionMask = 2147483647;
			files = (
			);
			runOnlyForDeploymentPostprocessing = 0;
		};
		8E88724A28996BDA00C5C60F /* Frameworks */ = {
			isa = PBXFrameworksBuildPhase;
			buildActionMask = 2147483647;
			files = (
			);
			runOnlyForDeploymentPostprocessing = 0;
		};
/* End PBXFrameworksBuildPhase section */

/* Begin PBXGroup section */
		8E88722128996BD600C5C60F = {
			isa = PBXGroup;
			children = (
				8E88722C28996BD700C5C60F /* toDoList */,
				8E88724628996BDA00C5C60F /* toDoListTests */,
				8E88725028996BDA00C5C60F /* toDoListUITests */,
				8E88722B28996BD700C5C60F /* Products */,
			);
			sourceTree = "<group>";
		};
		8E88722B28996BD700C5C60F /* Products */ = {
			isa = PBXGroup;
			children = (
				8E88722A28996BD700C5C60F /* toDoList.app */,
				8E88724328996BDA00C5C60F /* toDoListTests.xctest */,
				8E88724D28996BDA00C5C60F /* toDoListUITests.xctest */,
			);
			name = Products;
			sourceTree = "<group>";
		};
		8E88722C28996BD700C5C60F /* toDoList */ = {
			isa = PBXGroup;
			children = (
				8E88722D28996BD700C5C60F /* AppDelegate.swift */,
				8E88722F28996BD700C5C60F /* SceneDelegate.swift */,
				8E88723328996BD700C5C60F /* Main.storyboard */,
				8E8872642899799300C5C60F /* AddToDoViewController.swift */,
				8E887262289970E000C5C60F /* ToDo.swift */,
				8E88726028996F3800C5C60F /* ToDoTableViewController.swift */,
				8E88723928996BDA00C5C60F /* Assets.xcassets */,
				8E88723B28996BDA00C5C60F /* LaunchScreen.storyboard */,
				8E88723E28996BDA00C5C60F /* Info.plist */,
				8E88723628996BD700C5C60F /* toDoList.xcdatamodeld */,
			);
			path = toDoList;
			sourceTree = "<group>";
		};
		8E88724628996BDA00C5C60F /* toDoListTests */ = {
			isa = PBXGroup;
			children = (
				8E88724728996BDA00C5C60F /* toDoListTests.swift */,
			);
			path = toDoListTests;
			sourceTree = "<group>";
		};
		8E88725028996BDA00C5C60F /* toDoListUITests */ = {
			isa = PBXGroup;
			children = (
				8E88725128996BDA00C5C60F /* toDoListUITests.swift */,
				8E88725328996BDA00C5C60F /* toDoListUITestsLaunchTests.swift */,
			);
			path = toDoListUITests;
			sourceTree = "<group>";
		};
/* End PBXGroup section */

/* Begin PBXNativeTarget section */
		8E88722928996BD700C5C60F /* toDoList */ = {
			isa = PBXNativeTarget;
			buildConfigurationList = 8E88725728996BDA00C5C60F /* Build configuration list for PBXNativeTarget "toDoList" */;
			buildPhases = (
				8E88722628996BD700C5C60F /* Sources */,
				8E88722728996BD700C5C60F /* Frameworks */,
				8E88722828996BD700C5C60F /* Resources */,
			);
			buildRules = (
			);
			dependencies = (
			);
			name = toDoList;
			productName = toDoList;
			productReference = 8E88722A28996BD700C5C60F /* toDoList.app */;
			productType = "com.apple.product-type.application";
		};
		8E88724228996BDA00C5C60F /* toDoListTests */ = {
			isa = PBXNativeTarget;
			buildConfigurationList = 8E88725A28996BDA00C5C60F /* Build configuration list for PBXNativeTarget "toDoListTests" */;
			buildPhases = (
				8E88723F28996BDA00C5C60F /* Sources */,
				8E88724028996BDA00C5C60F /* Frameworks */,
				8E88724128996BDA00C5C60F /* Resources */,
			);
			buildRules = (
			);
			dependencies = (
				8E88724528996BDA00C5C60F /* PBXTargetDependency */,
			);
			name = toDoListTests;
			productName = toDoListTests;
			productReference = 8E88724328996BDA00C5C60F /* toDoListTests.xctest */;
			productType = "com.apple.product-type.bundle.unit-test";
		};
		8E88724C28996BDA00C5C60F /* toDoListUITests */ = {
			isa = PBXNativeTarget;
			buildConfigurationList = 8E88725D28996BDA00C5C60F /* Build configuration list for PBXNativeTarget "toDoListUITests" */;
			buildPhases = (
				8E88724928996BDA00C5C60F /* Sources */,
				8E88724A28996BDA00C5C60F /* Frameworks */,
				8E88724B28996BDA00C5C60F /* Resources */,
			);
			buildRules = (
			);
			dependencies = (
				8E88724F28996BDA00C5C60F /* PBXTargetDependency */,
			);
			name = toDoListUITests;
			productName = toDoListUITests;
			productReference = 8E88724D28996BDA00C5C60F /* toDoListUITests.xctest */;
			productType = "com.apple.product-type.bundle.ui-testing";
		};
/* End PBXNativeTarget section */

/* Begin PBXProject section */
		8E88722228996BD700C5C60F /* Project object */ = {
			isa = PBXProject;
			attributes = {
				BuildIndependentTargetsInParallel = 1;
				LastSwiftUpdateCheck = 1340;
				LastUpgradeCheck = 1340;
				TargetAttributes = {
					8E88722928996BD700C5C60F = {
						CreatedOnToolsVersion = 13.4.1;
					};
					8E88724228996BDA00C5C60F = {
						CreatedOnToolsVersion = 13.4.1;
						TestTargetID = 8E88722928996BD700C5C60F;
					};
					8E88724C28996BDA00C5C60F = {
						CreatedOnToolsVersion = 13.4.1;
						TestTargetID = 8E88722928996BD700C5C60F;
					};
				};
			};
			buildConfigurationList = 8E88722528996BD700C5C60F /* Build configuration list for PBXProject "toDoList" */;
			compatibilityVersion = "Xcode 13.0";
			developmentRegion = en;
			hasScannedForEncodings = 0;
			knownRegions = (
				en,
				Base,
			);
			mainGroup = 8E88722128996BD600C5C60F;
			productRefGroup = 8E88722B28996BD700C5C60F /* Products */;
			projectDirPath = "";
			projectRoot = "";
			targets = (
				8E88722928996BD700C5C60F /* toDoList */,
				8E88724228996BDA00C5C60F /* toDoListTests */,
				8E88724C28996BDA00C5C60F /* toDoListUITests */,
			);
		};
/* End PBXProject section */

/* Begin PBXResourcesBuildPhase section */
		8E88722828996BD700C5C60F /* Resources */ = {
			isa = PBXResourcesBuildPhase;
			buildActionMask = 2147483647;
			files = (
				8E88723D28996BDA00C5C60F /* LaunchScreen.storyboard in Resources */,
				8E88723A28996BDA00C5C60F /* Assets.xcassets in Resources */,
				8E88723528996BD700C5C60F /* Main.storyboard in Resources */,
			);
			runOnlyForDeploymentPostprocessing = 0;
		};
		8E88724128996BDA00C5C60F /* Resources */ = {
			isa = PBXResourcesBuildPhase;
			buildActionMask = 2147483647;
			files = (
			);
			runOnlyForDeploymentPostprocessing = 0;
		};
		8E88724B28996BDA00C5C60F /* Resources */ = {
			isa = PBXResourcesBuildPhase;
			buildActionMask = 2147483647;
			files = (
			);
			runOnlyForDeploymentPostprocessing = 0;
		};
/* End PBXResourcesBuildPhase section */

/* Begin PBXSourcesBuildPhase section */
		8E88722628996BD700C5C60F /* Sources */ = {
			isa = PBXSourcesBuildPhase;
			buildActionMask = 2147483647;
			files = (
				8E88722E28996BD700C5C60F /* AppDelegate.swift in Sources */,
				8E887263289970E000C5C60F /* ToDo.swift in Sources */,
				8E88726128996F3800C5C60F /* ToDoTableViewController.swift in Sources */,
				8E88723028996BD700C5C60F /* SceneDelegate.swift in Sources */,
				8E8872652899799300C5C60F /* AddToDoViewController.swift in Sources */,
				8E88723828996BD700C5C60F /* toDoList.xcdatamodeld in Sources */,
			);
			runOnlyForDeploymentPostprocessing = 0;
		};
		8E88723F28996BDA00C5C60F /* Sources */ = {
			isa = PBXSourcesBuildPhase;
			buildActionMask = 2147483647;
			files = (
				8E88724828996BDA00C5C60F /* toDoListTests.swift in Sources */,
			);
			runOnlyForDeploymentPostprocessing = 0;
		};
		8E88724928996BDA00C5C60F /* Sources */ = {
			isa = PBXSourcesBuildPhase;
			buildActionMask = 2147483647;
			files = (
				8E88725428996BDA00C5C60F /* toDoListUITestsLaunchTests.swift in Sources */,
				8E88725228996BDA00C5C60F /* toDoListUITests.swift in Sources */,
			);
			runOnlyForDeploymentPostprocessing = 0;
		};
/* End PBXSourcesBuildPhase section */

/* Begin PBXTargetDependency section */
		8E88724528996BDA00C5C60F /* PBXTargetDependency */ = {
			isa = PBXTargetDependency;
			target = 8E88722928996BD700C5C60F /* toDoList */;
			targetProxy = 8E88724428996BDA00C5C60F /* PBXContainerItemProxy */;
		};
		8E88724F28996BDA00C5C60F /* PBXTargetDependency */ = {
			isa = PBXTargetDependency;
			target = 8E88722928996BD700C5C60F /* toDoList */;
			targetProxy = 8E88724E28996BDA00C5C60F /* PBXContainerItemProxy */;
		};
/* End PBXTargetDependency section */

/* Begin PBXVariantGroup section */
		8E88723328996BD700C5C60F /* Main.storyboard */ = {
			isa = PBXVariantGroup;
			children = (
				8E88723428996BD700C5C60F /* Base */,
			);
			name = Main.storyboard;
			sourceTree = "<group>";
		};
		8E88723B28996BDA00C5C60F /* LaunchScreen.storyboard */ = {
			isa = PBXVariantGroup;
			children = (
				8E88723C28996BDA00C5C60F /* Base */,
			);
			name = LaunchScreen.storyboard;
			sourceTree = "<group>";
		};
/* End PBXVariantGroup section */

/* Begin XCBuildConfiguration section */
		8E88725528996BDA00C5C60F /* Debug */ = {
			isa = XCBuildConfiguration;
			buildSettings = {
				ALWAYS_SEARCH_USER_PATHS = NO;
				CLANG_ANALYZER_NONNULL = YES;
				CLANG_ANALYZER_NUMBER_OBJECT_CONVERSION = YES_AGGRESSIVE;
				CLANG_CXX_LANGUAGE_STANDARD = "gnu++17";
				CLANG_ENABLE_MODULES = YES;
				CLANG_ENABLE_OBJC_ARC = YES;
				CLANG_ENABLE_OBJC_WEAK = YES;
				CLANG_WARN_BLOCK_CAPTURE_AUTORELEASING = YES;
				CLANG_WARN_BOOL_CONVERSION = YES;
				CLANG_WARN_COMMA = YES;
				CLANG_WARN_CONSTANT_CONVERSION = YES;
				CLANG_WARN_DEPRECATED_OBJC_IMPLEMENTATIONS = YES;
				CLANG_WARN_DIRECT_OBJC_ISA_USAGE = YES_ERROR;
				CLANG_WARN_DOCUMENTATION_COMMENTS = YES;
				CLANG_WARN_EMPTY_BODY = YES;
				CLANG_WARN_ENUM_CONVERSION = YES;
				CLANG_WARN_INFINITE_RECURSION = YES;
				CLANG_WARN_INT_CONVERSION = YES;
				CLANG_WARN_NON_LITERAL_NULL_CONVERSION = YES;
				CLANG_WARN_OBJC_IMPLICIT_RETAIN_SELF = YES;
				CLANG_WARN_OBJC_LITERAL_CONVERSION = YES;
				CLANG_WARN_OBJC_ROOT_CLASS = YES_ERROR;
				CLANG_WARN_QUOTED_INCLUDE_IN_FRAMEWORK_HEADER = YES;
				CLANG_WARN_RANGE_LOOP_ANALYSIS = YES;
				CLANG_WARN_STRICT_PROTOTYPES = YES;
				CLANG_WARN_SUSPICIOUS_MOVE = YES;
				CLANG_WARN_UNGUARDED_AVAILABILITY = YES_AGGRESSIVE;
				CLANG_WARN_UNREACHABLE_CODE = YES;
				CLANG_WARN__DUPLICATE_METHOD_MATCH = YES;
				COPY_PHASE_STRIP = NO;
				DEBUG_INFORMATION_FORMAT = dwarf;
				ENABLE_STRICT_OBJC_MSGSEND = YES;
				ENABLE_TESTABILITY = YES;
				GCC_C_LANGUAGE_STANDARD = gnu11;
				GCC_DYNAMIC_NO_PIC = NO;
				GCC_NO_COMMON_BLOCKS = YES;
				GCC_OPTIMIZATION_LEVEL = 0;
				GCC_PREPROCESSOR_DEFINITIONS = (
					"DEBUG=1",
					"$(inherited)",
				);
				GCC_WARN_64_TO_32_BIT_CONVERSION = YES;
				GCC_WARN_ABOUT_RETURN_TYPE = YES_ERROR;
				GCC_WARN_UNDECLARED_SELECTOR = YES;
				GCC_WARN_UNINITIALIZED_AUTOS = YES_AGGRESSIVE;
				GCC_WARN_UNUSED_FUNCTION = YES;
				GCC_WARN_UNUSED_VARIABLE = YES;
				IPHONEOS_DEPLOYMENT_TARGET = 15.5;
				MTL_ENABLE_DEBUG_INFO = INCLUDE_SOURCE;
				MTL_FAST_MATH = YES;
				ONLY_ACTIVE_ARCH = YES;
				SDKROOT = iphoneos;
				SWIFT_ACTIVE_COMPILATION_CONDITIONS = DEBUG;
				SWIFT_OPTIMIZATION_LEVEL = "-Onone";
			};
			name = Debug;
		};
		8E88725628996BDA00C5C60F /* Release */ = {
			isa = XCBuildConfiguration;
			buildSettings = {
				ALWAYS_SEARCH_USER_PATHS = NO;
				CLANG_ANALYZER_NONNULL = YES;
				CLANG_ANALYZER_NUMBER_OBJECT_CONVERSION = YES_AGGRESSIVE;
				CLANG_CXX_LANGUAGE_STANDARD = "gnu++17";
				CLANG_ENABLE_MODULES = YES;
				CLANG_ENABLE_OBJC_ARC = YES;
				CLANG_ENABLE_OBJC_WEAK = YES;
				CLANG_WARN_BLOCK_CAPTURE_AUTORELEASING = YES;
				CLANG_WARN_BOOL_CONVERSION = YES;
				CLANG_WARN_COMMA = YES;
				CLANG_WARN_CONSTANT_CONVERSION = YES;
				CLANG_WARN_DEPRECATED_OBJC_IMPLEMENTATIONS = YES;
				CLANG_WARN_DIRECT_OBJC_ISA_USAGE = YES_ERROR;
				CLANG_WARN_DOCUMENTATION_COMMENTS = YES;
				CLANG_WARN_EMPTY_BODY = YES;
				CLANG_WARN_ENUM_CONVERSION = YES;
				CLANG_WARN_INFINITE_RECURSION = YES;
				CLANG_WARN_INT_CONVERSION = YES;
				CLANG_WARN_NON_LITERAL_NULL_CONVERSION = YES;
				CLANG_WARN_OBJC_IMPLICIT_RETAIN_SELF = YES;
				CLANG_WARN_OBJC_LITERAL_CONVERSION = YES;
				CLANG_WARN_OBJC_ROOT_CLASS = YES_ERROR;
				CLANG_WARN_QUOTED_INCLUDE_IN_FRAMEWORK_HEADER = YES;
				CLANG_WARN_RANGE_LOOP_ANALYSIS = YES;
				CLANG_WARN_STRICT_PROTOTYPES = YES;
				CLANG_WARN_SUSPICIOUS_MOVE = YES;
				CLANG_WARN_UNGUARDED_AVAILABILITY = YES_AGGRESSIVE;
				CLANG_WARN_UNREACHABLE_CODE = YES;
				CLANG_WARN__DUPLICATE_METHOD_MATCH = YES;
				COPY_PHASE_STRIP = NO;
				DEBUG_INFORMATION_FORMAT = "dwarf-with-dsym";
				ENABLE_NS_ASSERTIONS = NO;
				ENABLE_STRICT_OBJC_MSGSEND = YES;
				GCC_C_LANGUAGE_STANDARD = gnu11;
				GCC_NO_COMMON_BLOCKS = YES;
				GCC_WARN_64_TO_32_BIT_CONVERSION = YES;
				GCC_WARN_ABOUT_RETURN_TYPE = YES_ERROR;
				GCC_WARN_UNDECLARED_SELECTOR = YES;
				GCC_WARN_UNINITIALIZED_AUTOS = YES_AGGRESSIVE;
				GCC_WARN_UNUSED_FUNCTION = YES;
				GCC_WARN_UNUSED_VARIABLE = YES;
				IPHONEOS_DEPLOYMENT_TARGET = 15.5;
				MTL_ENABLE_DEBUG_INFO = NO;
				MTL_FAST_MATH = YES;
				SDKROOT = iphoneos;
				SWIFT_COMPILATION_MODE = wholemodule;
				SWIFT_OPTIMIZATION_LEVEL = "-O";
				VALIDATE_PRODUCT = YES;
			};
			name = Release;
		};
		8E88725828996BDA00C5C60F /* Debug */ = {
			isa = XCBuildConfiguration;
			buildSettings = {
				ASSETCATALOG_COMPILER_APPICON_NAME = AppIcon;
				ASSETCATALOG_COMPILER_GLOBAL_ACCENT_COLOR_NAME = AccentColor;
				CODE_SIGN_STYLE = Automatic;
				CURRENT_PROJECT_VERSION = 1;
				GENERATE_INFOPLIST_FILE = YES;
				INFOPLIST_FILE = toDoList/Info.plist;
				INFOPLIST_KEY_UIApplicationSupportsIndirectInputEvents = YES;
				INFOPLIST_KEY_UILaunchStoryboardName = LaunchScreen;
				INFOPLIST_KEY_UIMainStoryboardFile = Main;
				INFOPLIST_KEY_UISupportedInterfaceOrientations_iPad = "UIInterfaceOrientationPortrait UIInterfaceOrientationPortraitUpsideDown UIInterfaceOrientationLandscapeLeft UIInterfaceOrientationLandscapeRight";
				INFOPLIST_KEY_UISupportedInterfaceOrientations_iPhone = "UIInterfaceOrientationPortrait UIInterfaceOrientationLandscapeLeft UIInterfaceOrientationLandscapeRight";
				LD_RUNPATH_SEARCH_PATHS = (
					"$(inherited)",
					"@executable_path/Frameworks",
				);
				MARKETING_VERSION = 1.0;
				PRODUCT_BUNDLE_IDENTIFIER = KWK.toDoList;
				PRODUCT_NAME = "$(TARGET_NAME)";
				SWIFT_EMIT_LOC_STRINGS = YES;
				SWIFT_VERSION = 5.0;
				TARGETED_DEVICE_FAMILY = "1,2";
			};
			name = Debug;
		};
		8E88725928996BDA00C5C60F /* Release */ = {
			isa = XCBuildConfiguration;
			buildSettings = {
				ASSETCATALOG_COMPILER_APPICON_NAME = AppIcon;
				ASSETCATALOG_COMPILER_GLOBAL_ACCENT_COLOR_NAME = AccentColor;
				CODE_SIGN_STYLE = Automatic;
				CURRENT_PROJECT_VERSION = 1;
				GENERATE_INFOPLIST_FILE = YES;
				INFOPLIST_FILE = toDoList/Info.plist;
				INFOPLIST_KEY_UIApplicationSupportsIndirectInputEvents = YES;
				INFOPLIST_KEY_UILaunchStoryboardName = LaunchScreen;
				INFOPLIST_KEY_UIMainStoryboardFile = Main;
				INFOPLIST_KEY_UISupportedInterfaceOrientations_iPad = "UIInterfaceOrientationPortrait UIInterfaceOrientationPortraitUpsideDown UIInterfaceOrientationLandscapeLeft UIInterfaceOrientationLandscapeRight";
				INFOPLIST_KEY_UISupportedInterfaceOrientations_iPhone = "UIInterfaceOrientationPortrait UIInterfaceOrientationLandscapeLeft UIInterfaceOrientationLandscapeRight";
				LD_RUNPATH_SEARCH_PATHS = (
					"$(inherited)",
					"@executable_path/Frameworks",
				);
				MARKETING_VERSION = 1.0;
				PRODUCT_BUNDLE_IDENTIFIER = KWK.toDoList;
				PRODUCT_NAME = "$(TARGET_NAME)";
				SWIFT_EMIT_LOC_STRINGS = YES;
				SWIFT_VERSION = 5.0;
				TARGETED_DEVICE_FAMILY = "1,2";
			};
			name = Release;
		};
		8E88725B28996BDA00C5C60F /* Debug */ = {
			isa = XCBuildConfiguration;
			buildSettings = {
				ALWAYS_EMBED_SWIFT_STANDARD_LIBRARIES = YES;
				BUNDLE_LOADER = "$(TEST_HOST)";
				CODE_SIGN_STYLE = Automatic;
				CURRENT_PROJECT_VERSION = 1;
				GENERATE_INFOPLIST_FILE = YES;
				IPHONEOS_DEPLOYMENT_TARGET = 15.5;
				MARKETING_VERSION = 1.0;
				PRODUCT_BUNDLE_IDENTIFIER = KWK.toDoListTests;
				PRODUCT_NAME = "$(TARGET_NAME)";
				SWIFT_EMIT_LOC_STRINGS = NO;
				SWIFT_VERSION = 5.0;
				TARGETED_DEVICE_FAMILY = "1,2";
				TEST_HOST = "$(BUILT_PRODUCTS_DIR)/toDoList.app/toDoList";
			};
			name = Debug;
		};
		8E88725C28996BDA00C5C60F /* Release */ = {
			isa = XCBuildConfiguration;
			buildSettings = {
				ALWAYS_EMBED_SWIFT_STANDARD_LIBRARIES = YES;
				BUNDLE_LOADER = "$(TEST_HOST)";
				CODE_SIGN_STYLE = Automatic;
				CURRENT_PROJECT_VERSION = 1;
				GENERATE_INFOPLIST_FILE = YES;
				IPHONEOS_DEPLOYMENT_TARGET = 15.5;
				MARKETING_VERSION = 1.0;
				PRODUCT_BUNDLE_IDENTIFIER = KWK.toDoListTests;
				PRODUCT_NAME = "$(TARGET_NAME)";
				SWIFT_EMIT_LOC_STRINGS = NO;
				SWIFT_VERSION = 5.0;
				TARGETED_DEVICE_FAMILY = "1,2";
				TEST_HOST = "$(BUILT_PRODUCTS_DIR)/toDoList.app/toDoList";
			};
			name = Release;
		};
		8E88725E28996BDA00C5C60F /* Debug */ = {
			isa = XCBuildConfiguration;
			buildSettings = {
				ALWAYS_EMBED_SWIFT_STANDARD_LIBRARIES = YES;
				CODE_SIGN_STYLE = Automatic;
				CURRENT_PROJECT_VERSION = 1;
				GENERATE_INFOPLIST_FILE = YES;
				MARKETING_VERSION = 1.0;
				PRODUCT_BUNDLE_IDENTIFIER = KWK.toDoListUITests;
				PRODUCT_NAME = "$(TARGET_NAME)";
				SWIFT_EMIT_LOC_STRINGS = NO;
				SWIFT_VERSION = 5.0;
				TARGETED_DEVICE_FAMILY = "1,2";
				TEST_TARGET_NAME = toDoList;
			};
			name = Debug;
		};
		8E88725F28996BDA00C5C60F /* Release */ = {
			isa = XCBuildConfiguration;
			buildSettings = {
				ALWAYS_EMBED_SWIFT_STANDARD_LIBRARIES = YES;
				CODE_SIGN_STYLE = Automatic;
				CURRENT_PROJECT_VERSION = 1;
				GENERATE_INFOPLIST_FILE = YES;
				MARKETING_VERSION = 1.0;
				PRODUCT_BUNDLE_IDENTIFIER = KWK.toDoListUITests;
				PRODUCT_NAME = "$(TARGET_NAME)";
				SWIFT_EMIT_LOC_STRINGS = NO;
				SWIFT_VERSION = 5.0;
				TARGETED_DEVICE_FAMILY = "1,2";
				TEST_TARGET_NAME = toDoList;
			};
			name = Release;
		};
/* End XCBuildConfiguration section */

/* Begin XCConfigurationList section */
		8E88722528996BD700C5C60F /* Build configuration list for PBXProject "toDoList" */ = {
			isa = XCConfigurationList;
			buildConfigurations = (
				8E88725528996BDA00C5C60F /* Debug */,
				8E88725628996BDA00C5C60F /* Release */,
			);
			defaultConfigurationIsVisible = 0;
			defaultConfigurationName = Release;
		};
		8E88725728996BDA00C5C60F /* Build configuration list for PBXNativeTarget "toDoList" */ = {
			isa = XCConfigurationList;
			buildConfigurations = (
				8E88725828996BDA00C5C60F /* Debug */,
				8E88725928996BDA00C5C60F /* Release */,
			);
			defaultConfigurationIsVisible = 0;
			defaultConfigurationName = Release;
		};
		8E88725A28996BDA00C5C60F /* Build configuration list for PBXNativeTarget "toDoListTests" */ = {
			isa = XCConfigurationList;
			buildConfigurations = (
				8E88725B28996BDA00C5C60F /* Debug */,
				8E88725C28996BDA00C5C60F /* Release */,
			);
			defaultConfigurationIsVisible = 0;
			defaultConfigurationName = Release;
		};
		8E88725D28996BDA00C5C60F /* Build configuration list for PBXNativeTarget "toDoListUITests" */ = {
			isa = XCConfigurationList;
			buildConfigurations = (
				8E88725E28996BDA00C5C60F /* Debug */,
				8E88725F28996BDA00C5C60F /* Release */,
			);
			defaultConfigurationIsVisible = 0;
			defaultConfigurationName = Release;
		};
/* End XCConfigurationList section */

/* Begin XCVersionGroup section */
		8E88723628996BD700C5C60F /* toDoList.xcdatamodeld */ = {
			isa = XCVersionGroup;
			children = (
				8E88723728996BD700C5C60F /* toDoList.xcdatamodel */,
			);
			currentVersion = 8E88723728996BD700C5C60F /* toDoList.xcdatamodel */;
			path = toDoList.xcdatamodeld;
			sourceTree = "<group>";
			versionGroupType = wrapper.xcdatamodel;
		};
/* End XCVersionGroup section */
	};
	rootObject = 8E88722228996BD700C5C60F /* Project object */;
}
